
Microsoft Visual Studio Solution File, Format Version 12.00
# Visual Studio Version 17
VisualStudioVersion = 17.4.33110.190
MinimumVisualStudioVersion = 10.0.40219.1
Project("{FAE04EC0-301F-11D3-BF4B-00C04F79EFBC}") = "ToDo.Web.Mvc", "ToDo.Web.Mvc\ToDo.Web.Mvc.csproj", "{EF6D0F19-4AC4-42B1-B6E1-1E09EC6A2B88}"
EndProject
Project("{FAE04EC0-301F-11D3-BF4B-00C04F79EFBC}") = "ToDo.Domain", "ToDo.Domain\ToDo.Domain.csproj", "{AD4A9B16-ACBE-4BED-A36A-F3055558BAF1}"
EndProject
Project("{FAE04EC0-301F-11D3-BF4B-00C04F79EFBC}") = "ToDo.Infra.Data", "ToDo.Infra.Data\ToDo.Infra.Data.csproj", "{230A534D-CB67-470F-9188-799DA3972F9E}"
EndProject
Global
	GlobalSection(SolutionConfigurationPlatforms) = preSolution
		Debug|Any CPU = Debug|Any CPU
		Release|Any CPU = Release|Any CPU
	EndGlobalSection
	GlobalSection(ProjectConfigurationPlatforms) = postSolution
		{EF6D0F19-4AC4-42B1-B6E1-1E09EC6A2B88}.Debug|Any CPU.ActiveCfg = Debug|Any CPU
		{EF6D0F19-4AC4-42B1-B6E1-1E09EC6A2B88}.Debug|Any CPU.Build.0 = Debug|Any CPU
		{EF6D0F19-4AC4-42B1-B6E1-1E09EC6A2B88}.Release|Any CPU.ActiveCfg = Release|Any CPU
		{EF6D0F19-4AC4-42B1-B6E1-1E09EC6A2B88}.Release|Any CPU.Build.0 = Release|Any CPU
		{AD4A9B16-ACBE-4BED-A36A-F3055558BAF1}.Debug|Any CPU.ActiveCfg = Debug|Any CPU
		{AD4A9B16-ACBE-4BED-A36A-F3055558BAF1}.Debug|Any CPU.Build.0 = Debug|Any CPU
		{AD4A9B16-ACBE-4BED-A36A-F3055558BAF1}.Release|Any CPU.ActiveCfg = Release|Any CPU
		{AD4A9B16-ACBE-4BED-A36A-F3055558BAF1}.Release|Any CPU.Build.0 = Release|Any CPU
		{230A534D-CB67-470F-9188-799DA3972F9E}.Debug|Any CPU.ActiveCfg = Debug|Any CPU
		{230A534D-CB67-470F-9188-799DA3972F9E}.Debug|Any CPU.Build.0 = Debug|Any CPU
		{230A534D-CB67-470F-9188-799DA3972F9E}.Release|Any CPU.ActiveCfg = Release|Any CPU
		{230A534D-CB67-470F-9188-799DA3972F9E}.Release|Any CPU.Build.0 = Release|Any CPU
	EndGlobalSection
	GlobalSection(SolutionProperties) = preSolution
		HideSolutionNode = FALSE
	EndGlobalSection
	GlobalSection(ExtensibilityGlobals) = postSolution
		SolutionGuid = {0B1720B1-ACB5-477A-8422-7B31DDA77CA3}
	EndGlobalSection
EndGlobal
